
Microsoft Visual Studio Solution File, Format Version 12.00
# Visual Studio Version 17
VisualStudioVersion = 17.9.34622.214
MinimumVisualStudioVersion = 10.0.40219.1
Project("{FAE04EC0-301F-11D3-BF4B-00C04F79EFBC}") = "Tienda Yefell", "Tienda Yefell\Tienda Yefell.csproj", "{24FE9494-63AB-4302-BA55-5A95DD82198A}"
EndProject
Global
	GlobalSection(SolutionConfigurationPlatforms) = preSolution
		Debug|Any CPU = Debug|Any CPU
		Release|Any CPU = Release|Any CPU
	EndGlobalSection
	GlobalSection(ProjectConfigurationPlatforms) = postSolution
		{24FE9494-63AB-4302-BA55-5A95DD82198A}.Debug|Any CPU.ActiveCfg = Debug|Any CPU
		{24FE9494-63AB-4302-BA55-5A95DD82198A}.Debug|Any CPU.Build.0 = Debug|Any CPU
		{24FE9494-63AB-4302-BA55-5A95DD82198A}.Release|Any CPU.ActiveCfg = Release|Any CPU
		{24FE9494-63AB-4302-BA55-5A95DD82198A}.Release|Any CPU.Build.0 = Release|Any CPU
	EndGlobalSection
	GlobalSection(SolutionProperties) = preSolution
		HideSolutionNode = FALSE
	EndGlobalSection
	GlobalSection(ExtensibilityGlobals) = postSolution
		SolutionGuid = {8FBDB57D-658E-4CC8-9FC4-C45DB5B174C0}
	EndGlobalSection
EndGlobal
